
Microsoft Visual Studio Solution File, Format Version 12.00
# Visual Studio Version 17
VisualStudioVersion = 17.7.34031.279
MinimumVisualStudioVersion = 10.0.40219.1
Project("{9A19103F-16F7-4668-BE54-9A1E7A4F7556}") = "BusinessObject", "BussinessObject\BusinessObject.csproj", "{E6B96C7D-6408-4656-96E5-450B09B66D12}"
EndProject
Project("{9A19103F-16F7-4668-BE54-9A1E7A4F7556}") = "DataAccess", "DataAccess\DataAccess.csproj", "{3E68DE87-431C-49C4-AE77-5ECD7B120DE4}"
EndProject
Project("{9A19103F-16F7-4668-BE54-9A1E7A4F7556}") = "DrawingOnDemandAPI", "DrawingOnDemandAPI\DrawingOnDemandAPI.csproj", "{84F50EFB-EF71-481F-BC59-FB0E28C38CD4}"
EndProject
Global
	GlobalSection(SolutionConfigurationPlatforms) = preSolution
		Debug|Any CPU = Debug|Any CPU
		Release|Any CPU = Release|Any CPU
	EndGlobalSection
	GlobalSection(ProjectConfigurationPlatforms) = postSolution
		{E6B96C7D-6408-4656-96E5-450B09B66D12}.Debug|Any CPU.ActiveCfg = Debug|Any CPU
		{E6B96C7D-6408-4656-96E5-450B09B66D12}.Debug|Any CPU.Build.0 = Debug|Any CPU
		{E6B96C7D-6408-4656-96E5-450B09B66D12}.Release|Any CPU.ActiveCfg = Release|Any CPU
		{E6B96C7D-6408-4656-96E5-450B09B66D12}.Release|Any CPU.Build.0 = Release|Any CPU
		{3E68DE87-431C-49C4-AE77-5ECD7B120DE4}.Debug|Any CPU.ActiveCfg = Debug|Any CPU
		{3E68DE87-431C-49C4-AE77-5ECD7B120DE4}.Debug|Any CPU.Build.0 = Debug|Any CPU
		{3E68DE87-431C-49C4-AE77-5ECD7B120DE4}.Release|Any CPU.ActiveCfg = Release|Any CPU
		{3E68DE87-431C-49C4-AE77-5ECD7B120DE4}.Release|Any CPU.Build.0 = Release|Any CPU
		{84F50EFB-EF71-481F-BC59-FB0E28C38CD4}.Debug|Any CPU.ActiveCfg = Debug|Any CPU
		{84F50EFB-EF71-481F-BC59-FB0E28C38CD4}.Debug|Any CPU.Build.0 = Debug|Any CPU
		{84F50EFB-EF71-481F-BC59-FB0E28C38CD4}.Release|Any CPU.ActiveCfg = Release|Any CPU
		{84F50EFB-EF71-481F-BC59-FB0E28C38CD4}.Release|Any CPU.Build.0 = Release|Any CPU
	EndGlobalSection
	GlobalSection(SolutionProperties) = preSolution
		HideSolutionNode = FALSE
	EndGlobalSection
	GlobalSection(ExtensibilityGlobals) = postSolution
		SolutionGuid = {601C710B-FB32-4FC6-9D4E-5FBA91188F81}
	EndGlobalSection
EndGlobal
